{
  "name": "pi-rngit-work-document-skill",
  "version": "0.6.0",
  "lockfileVersion": 3,
  "requires": true,
  "packages": {
    "": {
      "name": "pi-rngit-work-document-skill",
      "version": "0.6.0",
      "license": "EUPL-1.2",
      "dependencies": {
        "@digitaldefiance/bzip2-wasm": "^1.1.1",
        "@reticulum/core": "^0.9.0",
        "@reticulum/node": "^0.9.0"
      },
      "engines": {
        "node": ">=20"
      }
    },
    "node_modules/@digitaldefiance/bzip2-wasm": {
      "version": "1.1.1",
      "resolved": "https://registry.npmjs.org/@digitaldefiance/bzip2-wasm/-/bzip2-wasm-1.1.1.tgz",
      "integrity": "sha512-RG3lUJ04h1c3rPsNxYz6Q4+fwDk3E1cD0rMhdqEJb7JMIC3uXlgJz4UqYMfmB6xx/XEDQvt9nD7FhEVE/1mZ8A==",
      "license": "bzip2-1.0.6"
    },
    "node_modules/@reticulum/core": {
      "version": "0.9.0",
      "resolved": "https://registry.npmjs.org/@reticulum/core/-/core-0.9.0.tgz",
      "integrity": "sha512-XVMC+FN3qK14DIJlLKDWGleRYo0u1x9+cnXsajfyIP9rxGs5fUC7aICuzzC4DGIw16FJBcsXX/u+AzpPuGPfCQ==",
      "license": "EUPL-1.2"
    },
    "node_modules/@reticulum/lxmf": {
      "version": "0.9.0",
      "resolved": "https://registry.npmjs.org/@reticulum/lxmf/-/lxmf-0.9.0.tgz",
      "integrity": "sha512-jPk6CyEwzKvmmOw9ubjsUVXL8iqriTZBmoxQd8ziow4LTpAo5xI+5qe1SInBhAb1K9gUCykCvEGY6YymKtxYTA==",
      "license": "EUPL-1.2",
      "dependencies": {
        "@reticulum/core": "^0.9.0"
      }
    },
    "node_modules/@reticulum/node": {
      "version": "0.9.0",
      "resolved": "https://registry.npmjs.org/@reticulum/node/-/node-0.9.0.tgz",
      "integrity": "sha512-lET7ukuuqwaHtoOv4QOx48tm/t5gXKXGPBVh6hjgxXbDv+WDc7gsUwpBXFLj9P49AMQTO29Quelw6rrBOKF54Q==",
      "license": "EUPL-1.2",
      "dependencies": {
        "@reticulum/core": "^0.9.0",
        "@reticulum/lxmf": "^0.9.0",
        "@reticulum/rfed": "^0.9.0"
      },
      "bin": {
        "rfed": "src/cli/rfed.js"
      }
    },
    "node_modules/@reticulum/rfed": {
      "version": "0.9.0",
      "resolved": "https://registry.npmjs.org/@reticulum/rfed/-/rfed-0.9.0.tgz",
      "integrity": "sha512-JnbbW4+2JuUUTB+bPZxolIkuo0s8ZLnsIy+E2zFkz+0p7mqBWVoSGIwFETT9eVBXtjr5iqDI4F0/gjLPU9wgvA==",
      "license": "EUPL-1.2",
      "dependencies": {
        "@reticulum/core": "^0.9.0",
        "@reticulum/lxmf": "^0.9.0"
      }
    }
  }
}
