{
  "name": "pi-rngit-work-document-skill",
  "version": "0.7.0",
  "lockfileVersion": 3,
  "requires": true,
  "packages": {
    "": {
      "name": "pi-rngit-work-document-skill",
      "version": "0.7.0",
      "license": "EUPL-1.2",
      "dependencies": {
        "@digitaldefiance/bzip2-wasm": "^1.1.1",
        "@reticulum/core": "^0.9.3",
        "@reticulum/node": "^0.9.3"
      },
      "engines": {
        "node": ">=20"
      }
    },
    "node_modules/@digitaldefiance/bzip2-wasm": {
      "version": "1.1.1",
      "resolved": "https://registry.npmjs.org/@digitaldefiance/bzip2-wasm/-/bzip2-wasm-1.1.1.tgz",
      "integrity": "sha512-RG3lUJ04h1c3rPsNxYz6Q4+fwDk3E1cD0rMhdqEJb7JMIC3uXlgJz4UqYMfmB6xx/XEDQvt9nD7FhEVE/1mZ8A==",
      "license": "bzip2-1.0.6"
    },
    "node_modules/@reticulum/core": {
      "version": "0.9.3",
      "resolved": "https://registry.npmjs.org/@reticulum/core/-/core-0.9.3.tgz",
      "integrity": "sha512-V9HQtFN+YcHb3dGDnv/FNjmy/YCixj+7t8xNroFuKeXlqAFSwG6t8elecV8FI4OCgPYnXdKHtNn8kl44oUXxMQ==",
      "license": "EUPL-1.2"
    },
    "node_modules/@reticulum/lxmf": {
      "version": "0.9.3",
      "resolved": "https://registry.npmjs.org/@reticulum/lxmf/-/lxmf-0.9.3.tgz",
      "integrity": "sha512-cYp7KGDgaHirD1dP9q/5DnVUSaHH0dCGQwtT1Y5Bu76CYlkGfXLmghSgyXEj3gf8cu+GqVfBrbqC8ertcHHXng==",
      "license": "EUPL-1.2",
      "dependencies": {
        "@reticulum/core": "^0.9.3"
      }
    },
    "node_modules/@reticulum/node": {
      "version": "0.9.3",
      "resolved": "https://registry.npmjs.org/@reticulum/node/-/node-0.9.3.tgz",
      "integrity": "sha512-opUwyWmrDo5bBXHuUtjMg3ZIFcqqat8ykTHrBqNBuKZFXmFOdqJVGPn+h++4o9AUOTjCA1jGyimFrs8+7hPi8g==",
      "license": "EUPL-1.2",
      "dependencies": {
        "@reticulum/core": "^0.9.3",
        "@reticulum/lxmf": "^0.9.3",
        "@reticulum/rfed": "^0.9.3"
      },
      "bin": {
        "rfed": "src/cli/rfed.js"
      }
    },
    "node_modules/@reticulum/rfed": {
      "version": "0.9.3",
      "resolved": "https://registry.npmjs.org/@reticulum/rfed/-/rfed-0.9.3.tgz",
      "integrity": "sha512-fi6kJxkKEzCaIOLqId0rtDyspFB5ZG6M60wnMEl8QYS8sQux4qUSSYIYRDm0zoz1cGfcIKn/Ecy/fzlGA3KkVQ==",
      "license": "EUPL-1.2",
      "dependencies": {
        "@reticulum/core": "^0.9.3",
        "@reticulum/lxmf": "^0.9.3"
      }
    }
  }
}
