{
  "name": "pi-rngit-work-document-skill",
  "version": "0.6.0",
  "lockfileVersion": 3,
  "requires": true,
  "packages": {
    "": {
      "name": "pi-rngit-work-document-skill",
      "version": "0.6.0",
      "license": "EUPL-1.2",
      "dependencies": {
        "@digitaldefiance/bzip2-wasm": "^1.1.1",
        "@reticulum/core": "^0.8.2",
        "@reticulum/node": "^0.8.2"
      },
      "engines": {
        "node": ">=20"
      }
    },
    "node_modules/@digitaldefiance/bzip2-wasm": {
      "version": "1.1.1",
      "resolved": "https://registry.npmjs.org/@digitaldefiance/bzip2-wasm/-/bzip2-wasm-1.1.1.tgz",
      "integrity": "sha512-RG3lUJ04h1c3rPsNxYz6Q4+fwDk3E1cD0rMhdqEJb7JMIC3uXlgJz4UqYMfmB6xx/XEDQvt9nD7FhEVE/1mZ8A==",
      "license": "bzip2-1.0.6"
    },
    "node_modules/@reticulum/core": {
      "version": "0.8.2",
      "resolved": "https://registry.npmjs.org/@reticulum/core/-/core-0.8.2.tgz",
      "integrity": "sha512-B7Ksagbey6SKmmyEr/294Kogh8FadLd4KB4UwUyjgw54RdEE9W5wmf5J688fTJXxvlVVApaOizI55fd7YhKmtg==",
      "license": "EUPL-1.2"
    },
    "node_modules/@reticulum/lxmf": {
      "version": "0.8.2",
      "resolved": "https://registry.npmjs.org/@reticulum/lxmf/-/lxmf-0.8.2.tgz",
      "integrity": "sha512-IWpnvNxLS7935QFJMF7BailTIddWa4TfktDjdoZAeHrtVdBR7Ky0fB8sa3rTEg4o8Nijk61m9NPdGRvmY2LsDQ==",
      "license": "EUPL-1.2",
      "dependencies": {
        "@reticulum/core": "^0.8.2"
      }
    },
    "node_modules/@reticulum/node": {
      "version": "0.8.2",
      "resolved": "https://registry.npmjs.org/@reticulum/node/-/node-0.8.2.tgz",
      "integrity": "sha512-968i7+CCHSoS20UpNkjMd/Hdsq5NsQB4KVzOBSQBA27Y9Shg2Zu34uWXptKbudkVA0Y4v6tNb17HvqNvnNBNyQ==",
      "license": "EUPL-1.2",
      "dependencies": {
        "@reticulum/core": "^0.8.2",
        "@reticulum/lxmf": "^0.8.2",
        "@reticulum/rfed": "^0.8.2"
      },
      "bin": {
        "rfed": "src/cli/rfed.js"
      }
    },
    "node_modules/@reticulum/rfed": {
      "version": "0.8.2",
      "resolved": "https://registry.npmjs.org/@reticulum/rfed/-/rfed-0.8.2.tgz",
      "integrity": "sha512-NctVTPuF25FQm/i6X9oXpYTN6yC7VtkDBBhK5O32ul/kRLAn6Q1SF1XcJYDg7oeZMRcuSFz+BHG/vsdfaAORLw==",
      "license": "EUPL-1.2",
      "dependencies": {
        "@reticulum/core": "^0.8.2",
        "@reticulum/lxmf": "^0.8.2"
      }
    }
  }
}
